
Microsoft Visual Studio Solution File, Format Version 12.00
# Visual Studio Version 17
VisualStudioVersion = 17.0.31521.260
MinimumVisualStudioVersion = 10.0.40219.1
Project("{FAE04EC0-301F-11D3-BF4B-00C04F79EFBC}") = "Wpf.Net6.Kit", "Wpf.Net6.Kit\Wpf.Net6.Kit.csproj", "{2E381F1A-79FF-40BA-8CBD-70215185574B}"
EndProject
Project("{FAE04EC0-301F-11D3-BF4B-00C04F79EFBC}") = "Wpf.Net6.Kit.App", "Wpf.Net6.Kit.App\Wpf.Net6.Kit.App.csproj", "{5BE236F2-D091-445A-B82E-9D03DAA41DB5}"
EndProject
Global
	GlobalSection(SolutionConfigurationPlatforms) = preSolution
		Debug|Any CPU = Debug|Any CPU
		Release|Any CPU = Release|Any CPU
	EndGlobalSection
	GlobalSection(ProjectConfigurationPlatforms) = postSolution
		{2E381F1A-79FF-40BA-8CBD-70215185574B}.Debug|Any CPU.ActiveCfg = Debug|Any CPU
		{2E381F1A-79FF-40BA-8CBD-70215185574B}.Debug|Any CPU.Build.0 = Debug|Any CPU
		{2E381F1A-79FF-40BA-8CBD-70215185574B}.Release|Any CPU.ActiveCfg = Release|Any CPU
		{2E381F1A-79FF-40BA-8CBD-70215185574B}.Release|Any CPU.Build.0 = Release|Any CPU
		{5BE236F2-D091-445A-B82E-9D03DAA41DB5}.Debug|Any CPU.ActiveCfg = Debug|Any CPU
		{5BE236F2-D091-445A-B82E-9D03DAA41DB5}.Debug|Any CPU.Build.0 = Debug|Any CPU
		{5BE236F2-D091-445A-B82E-9D03DAA41DB5}.Release|Any CPU.ActiveCfg = Release|Any CPU
		{5BE236F2-D091-445A-B82E-9D03DAA41DB5}.Release|Any CPU.Build.0 = Release|Any CPU
	EndGlobalSection
	GlobalSection(SolutionProperties) = preSolution
		HideSolutionNode = FALSE
	EndGlobalSection
	GlobalSection(ExtensibilityGlobals) = postSolution
		SolutionGuid = {21E7EFAE-BE8B-4DD5-8132-9017F5E3A0A5}
	EndGlobalSection
EndGlobal
